
Microsoft Visual Studio Solution File, Format Version 12.00
# Visual Studio 15
VisualStudioVersion = 15.0.27004.2002
MinimumVisualStudioVersion = 10.0.40219.1
Project("{FAE04EC0-301F-11D3-BF4B-00C04F79EFBC}") = "WeekofMonth", "Week\WeekofMonth.csproj", "{4792B4CC-7AE2-4E3B-B239-0D2B0C24A910}"
EndProject
Global
	GlobalSection(SolutionConfigurationPlatforms) = preSolution
		Debug|Any CPU = Debug|Any CPU
		Release|Any CPU = Release|Any CPU
	EndGlobalSection
	GlobalSection(ProjectConfigurationPlatforms) = postSolution
		{4792B4CC-7AE2-4E3B-B239-0D2B0C24A910}.Debug|Any CPU.ActiveCfg = Debug|Any CPU
		{4792B4CC-7AE2-4E3B-B239-0D2B0C24A910}.Debug|Any CPU.Build.0 = Debug|Any CPU
		{4792B4CC-7AE2-4E3B-B239-0D2B0C24A910}.Release|Any CPU.ActiveCfg = Release|Any CPU
		{4792B4CC-7AE2-4E3B-B239-0D2B0C24A910}.Release|Any CPU.Build.0 = Release|Any CPU
	EndGlobalSection
	GlobalSection(SolutionProperties) = preSolution
		HideSolutionNode = FALSE
	EndGlobalSection
	GlobalSection(ExtensibilityGlobals) = postSolution
		SolutionGuid = {1DA386A2-20BA-49C2-98B2-DA9B39AB8F23}
	EndGlobalSection
EndGlobal
